
Microsoft Visual Studio Solution File, Format Version 12.00
# Visual Studio 15
VisualStudioVersion = 15.0.28307.1062
MinimumVisualStudioVersion = 10.0.40219.1
Project("{159641D6-6404-4A2A-AE62-294DE0FE8301}") = "Stage", "Stage\Stage.dtproj", "{5E6F03D9-95E0-42B6-BD04-174F7AF27CB2}"
EndProject
Project("{159641D6-6404-4A2A-AE62-294DE0FE8301}") = "ODS", "ODS\ODS.dtproj", "{81864C9C-D1A1-4F71-B2F3-3768C2350A3C}"
EndProject
Global
	GlobalSection(SolutionConfigurationPlatforms) = preSolution
		Development|Default = Development|Default
	EndGlobalSection
	GlobalSection(ProjectConfigurationPlatforms) = postSolution
		{5E6F03D9-95E0-42B6-BD04-174F7AF27CB2}.Development|Default.ActiveCfg = Development
		{5E6F03D9-95E0-42B6-BD04-174F7AF27CB2}.Development|Default.Build.0 = Development
		{81864C9C-D1A1-4F71-B2F3-3768C2350A3C}.Development|Default.ActiveCfg = Development
		{81864C9C-D1A1-4F71-B2F3-3768C2350A3C}.Development|Default.Build.0 = Development
	EndGlobalSection
	GlobalSection(SolutionProperties) = preSolution
		HideSolutionNode = FALSE
	EndGlobalSection
	GlobalSection(ExtensibilityGlobals) = postSolution
		SolutionGuid = {A1BCDFD4-B3B9-447F-AA22-43CCDC5164FC}
	EndGlobalSection
EndGlobal
