
Microsoft Visual Studio Solution File, Format Version 12.00
# Visual Studio 15
VisualStudioVersion = 15.0.28307.1062
MinimumVisualStudioVersion = 10.0.40219.1
Project("{159641D6-6404-4A2A-AE62-294DE0FE8301}") = "Stage", "Stage.dtproj", "{CDC85AA1-F7A8-45A0-8E76-D4A50ED38432}"
EndProject
Global
	GlobalSection(SolutionConfigurationPlatforms) = preSolution
		Development|Default = Development|Default
	EndGlobalSection
	GlobalSection(ProjectConfigurationPlatforms) = postSolution
		{CDC85AA1-F7A8-45A0-8E76-D4A50ED38432}.Development|Default.ActiveCfg = Development
		{CDC85AA1-F7A8-45A0-8E76-D4A50ED38432}.Development|Default.Build.0 = Development
	EndGlobalSection
	GlobalSection(SolutionProperties) = preSolution
		HideSolutionNode = FALSE
	EndGlobalSection
	GlobalSection(ExtensibilityGlobals) = postSolution
		SolutionGuid = {0D58610A-D30E-45AE-9C61-7FEF94C204E7}
	EndGlobalSection
EndGlobal
